
Microsoft Visual Studio Solution File, Format Version 12.00
# Visual Studio Version 17
VisualStudioVersion = 17.8.34525.116
MinimumVisualStudioVersion = 10.0.40219.1
Project("{FAE04EC0-301F-11D3-BF4B-00C04F79EFBC}") = "automatizacionSelenium", "automatizacionSelenium.csproj", "{638891C4-C72D-48E1-95BD-97835C8F42EF}"
EndProject
Global
	GlobalSection(SolutionConfigurationPlatforms) = preSolution
		Debug|Any CPU = Debug|Any CPU
		Release|Any CPU = Release|Any CPU
	EndGlobalSection
	GlobalSection(ProjectConfigurationPlatforms) = postSolution
		{638891C4-C72D-48E1-95BD-97835C8F42EF}.Debug|Any CPU.ActiveCfg = Debug|Any CPU
		{638891C4-C72D-48E1-95BD-97835C8F42EF}.Debug|Any CPU.Build.0 = Debug|Any CPU
		{638891C4-C72D-48E1-95BD-97835C8F42EF}.Release|Any CPU.ActiveCfg = Release|Any CPU
		{638891C4-C72D-48E1-95BD-97835C8F42EF}.Release|Any CPU.Build.0 = Release|Any CPU
	EndGlobalSection
	GlobalSection(SolutionProperties) = preSolution
		HideSolutionNode = FALSE
	EndGlobalSection
	GlobalSection(ExtensibilityGlobals) = postSolution
		SolutionGuid = {06468579-6551-4BD7-A2F8-AD64A317071D}
	EndGlobalSection
EndGlobal
